
Microsoft Visual Studio Solution File, Format Version 12.00
# Visual Studio Version 17
VisualStudioVersion = 17.7.34202.233
MinimumVisualStudioVersion = 10.0.40219.1
Project("{2150E333-8FDC-42A3-9474-1A3956D46DE8}") = "Tests", "Tests", "{691EBA79-CAA4-4670-BC8B-4537F990ADBF}"
EndProject
Project("{9A19103F-16F7-4668-BE54-9A1E7A4F7556}") = "Tests", "Tests\Tests.csproj", "{C33F07DB-7ACB-4081-92C2-BB739CB605C0}"
EndProject
Project("{9A19103F-16F7-4668-BE54-9A1E7A4F7556}") = "SupportLibrary", "SupportLibrary\SupportLibrary.csproj", "{18E19833-D47E-4A7F-AE64-31E28FEF8728}"
EndProject
Project("{9A19103F-16F7-4668-BE54-9A1E7A4F7556}") = "Dynamitey", "Dynamitey\Dynamitey.csproj", "{8902AFBA-4ACA-4880-B606-ADEC6BB21A1B}"
EndProject
Project("{2150E333-8FDC-42A3-9474-1A3956D46DE8}") = "Solution Items", "Solution Items", "{3535FA34-121F-4DEB-97C5-4A90E54AEE94}"
	ProjectSection(SolutionItems) = preProject
		Version.props = Version.props
	EndProjectSection
EndProject
Global
	GlobalSection(SolutionConfigurationPlatforms) = preSolution
		Debug|Any CPU = Debug|Any CPU
		Release|Any CPU = Release|Any CPU
	EndGlobalSection
	GlobalSection(ProjectConfigurationPlatforms) = postSolution
		{C33F07DB-7ACB-4081-92C2-BB739CB605C0}.Debug|Any CPU.ActiveCfg = Debug|Any CPU
		{C33F07DB-7ACB-4081-92C2-BB739CB605C0}.Debug|Any CPU.Build.0 = Debug|Any CPU
		{C33F07DB-7ACB-4081-92C2-BB739CB605C0}.Release|Any CPU.ActiveCfg = Release|Any CPU
		{C33F07DB-7ACB-4081-92C2-BB739CB605C0}.Release|Any CPU.Build.0 = Release|Any CPU
		{18E19833-D47E-4A7F-AE64-31E28FEF8728}.Debug|Any CPU.ActiveCfg = Debug|Any CPU
		{18E19833-D47E-4A7F-AE64-31E28FEF8728}.Debug|Any CPU.Build.0 = Debug|Any CPU
		{18E19833-D47E-4A7F-AE64-31E28FEF8728}.Release|Any CPU.ActiveCfg = Release|Any CPU
		{18E19833-D47E-4A7F-AE64-31E28FEF8728}.Release|Any CPU.Build.0 = Release|Any CPU
		{8902AFBA-4ACA-4880-B606-ADEC6BB21A1B}.Debug|Any CPU.ActiveCfg = Debug|Any CPU
		{8902AFBA-4ACA-4880-B606-ADEC6BB21A1B}.Debug|Any CPU.Build.0 = Debug|Any CPU
		{8902AFBA-4ACA-4880-B606-ADEC6BB21A1B}.Release|Any CPU.ActiveCfg = Release|Any CPU
		{8902AFBA-4ACA-4880-B606-ADEC6BB21A1B}.Release|Any CPU.Build.0 = Release|Any CPU
	EndGlobalSection
	GlobalSection(SolutionProperties) = preSolution
		HideSolutionNode = FALSE
	EndGlobalSection
	GlobalSection(NestedProjects) = preSolution
		{C33F07DB-7ACB-4081-92C2-BB739CB605C0} = {691EBA79-CAA4-4670-BC8B-4537F990ADBF}
		{18E19833-D47E-4A7F-AE64-31E28FEF8728} = {691EBA79-CAA4-4670-BC8B-4537F990ADBF}
	EndGlobalSection
EndGlobal
